{
    "_meta": {
        "hash": {
            "sha256": "54e270d0d18bb6705925fa96e405a7dff3df13c85922dd12c56f872e93bc93a5"
        },
        "pipfile-spec": 6,
        "requires": {
            "python_version": "3.6"
        },
        "sources": [
            {
                "name": "pypi",
                "url": "https://pypi.python.org/simple",
                "verify_ssl": true
            }
        ]
    },
    "default": {
        "pycryptodome": {
            "hashes": [
                "sha256:008e0bfc02f8c409fbe31a1dd1ff3aa18b5c109b47a05603ca734506a7b3a8cb",
                "sha256:02ad39528c6e856acfc04af7b86106b58806b56b067548be7213016510f44142",
                "sha256:08b0af4035b036d3fa051148e1d44ab8e4260e87daca2c34e29fd1ba883a890b",
                "sha256:215e1d99e389ebe910e5a12c85a1974eba88e2fc23256913e9eff5a34f7361a9",
                "sha256:3f792eb9ff211445712824c30c1f59970f79339bcc4e0b0e2903445d20f99685",
                "sha256:684045e3b34d646b3888cb334a051ff11f9e393482fed95e9914d155a592348c",
                "sha256:6881f7c099e64600eaf5baabec6a83db24db695f00d64f472fd583736f652bee",
                "sha256:73ea3973983eaa096c6f2857185d9cd1d89586cf69478ff4ddbf6a4df9068d78",
                "sha256:74bcd74b580f486f67ea71b9f86aa405cf2a454ddddc3ec03d8274c2f9cb6949",
                "sha256:78b537993b3baeb1e0f0ae6546cbbf859f71aec5815ff234f8b496fdc8be862d",
                "sha256:8c7c50269092127d19db4004c4bd5814daa158428947d2074ef94dc2c4c363e3",
                "sha256:90c1c08431ccf8d6385b5071e5d3f7ecbf85dbd1cbd45439fe136bc514c73136",
                "sha256:9bcf1157ba987081a3a52db3a2f5e358e7cafe3321ed3efa9c4f8d94ca1cf230",
                "sha256:a14521d67f082f76dea5d63affa70923ef6228151d56d2e8320baaabb31b0488",
                "sha256:ae8a135010e73b9be3a058177fc2bea5a0210ef06f4ec98a08096f4f95f01eb7",
                "sha256:b7957736f5e868416b06ff033f8525e64630c99a8880b531836605190b0cac96",
                "sha256:bb2c04525ababc2e74e09250e2a13ff01153ce49b2418be88d75d7656673e98e",
                "sha256:c0ea075b462ddd2135002ed9df72925e08629e750b9f37c21a2076602fab23a8",
                "sha256:cfa669956db31bfc5aad26dc1625b218e3f0200f4b52f1f36985488d86a55d93",
                "sha256:d6263002baf78f92ed1a5bd1112b695eed3d1b03813a516a1443a5ad41e70d09",
                "sha256:d76e04b988dadb4893f68ca1ff189ae37c4766cbd3cbed39d764e63bf2d2874f",
                "sha256:eb3b3608764a0203d3f8b74ee2566d6bcda53c8afc2d70596f2ee5031e049f04",
                "sha256:fd2ca8126841cee1bedc1d8e1bb5e9bfe3f0624f9858b580f8bd4309421c2b27"
            ],
            "version": "==3.5.1"
        },
        "pytest": {
            "hashes": [
                "sha256:6266f87ab64692112e5477eba395cfedda53b1933ccd29478e671e73b420c19c",
                "sha256:fae491d1874f199537fd5872b5e1f0e74a009b979df9d53d1553fd03da1703e1"
            ],
            "version": "==3.5.0"
        },
        "pytest-runner": {
            "hashes": [
                "sha256:d23f117be39919f00dd91bffeb4f15e031ec797501b717a245e377aee0f577be",
                "sha256:d987fec1e31287592ffe1cb823a8c613c533db4c6aaca0ee1191dbc91e2fcc61"
            ],
            "version": "==4.2"
        }
    },
    "develop": {}
}
